
Microsoft Visual Studio Solution File, Format Version 12.00
# Visual Studio Version 17
VisualStudioVersion = 17.14.36705.20 d17.14
MinimumVisualStudioVersion = 10.0.40219.1
Project("{FAE04EC0-301F-11D3-BF4B-00C04F79EFBC}") = "CS392_Demo", "CS392_Demo\CS392_Demo.csproj", "{38027FC6-8038-41B0-B2AA-3F727D05AF4C}"
EndProject
Global
	GlobalSection(SolutionConfigurationPlatforms) = preSolution
		Debug|Any CPU = Debug|Any CPU
		Release|Any CPU = Release|Any CPU
	EndGlobalSection
	GlobalSection(ProjectConfigurationPlatforms) = postSolution
		{38027FC6-8038-41B0-B2AA-3F727D05AF4C}.Debug|Any CPU.ActiveCfg = Debug|Any CPU
		{38027FC6-8038-41B0-B2AA-3F727D05AF4C}.Debug|Any CPU.Build.0 = Debug|Any CPU
		{38027FC6-8038-41B0-B2AA-3F727D05AF4C}.Release|Any CPU.ActiveCfg = Release|Any CPU
		{38027FC6-8038-41B0-B2AA-3F727D05AF4C}.Release|Any CPU.Build.0 = Release|Any CPU
	EndGlobalSection
	GlobalSection(SolutionProperties) = preSolution
		HideSolutionNode = FALSE
	EndGlobalSection
	GlobalSection(ExtensibilityGlobals) = postSolution
		SolutionGuid = {D8EED8F8-6617-4A2A-A7A4-0737567EEFF3}
	EndGlobalSection
EndGlobal
